// !$*UTF8*$!
{
	archiveVersion = 1;
	classes = {
	};
	objectVersion = 54;
	objects = {

/* Begin PBXBuildFile section */
		00E356F31AD99517003FC87E /* letsAnswerTests.m in Sources */ = {isa = PBXBuildFile; fileRef = 00E356F21AD99517003FC87E /* letsAnswerTests.m */; };
		02E12FF8D5DD4C68BADCD088 /* Jost-Medium.ttf in Resources */ = {isa = PBXBuildFile; fileRef = C1F9FC0B3FA24E278211C7E1 /* Jost-Medium.ttf */; };
		0974D214702A4CEAA45943A1 /* Jost-Regular.ttf in Resources */ = {isa = PBXBuildFile; fileRef = 9FC862E8813C4F5B8E3DAA2C /* Jost-Regular.ttf */; };
		13B07FBC1A68108700A75B9A /* AppDelegate.m in Sources */ = {isa = PBXBuildFile; fileRef = 13B07FB01A68108700A75B9A /* AppDelegate.m */; };
		13B07FBF1A68108700A75B9A /* Images.xcassets in Resources */ = {isa = PBXBuildFile; fileRef = 13B07FB51A68108700A75B9A /* Images.xcassets */; };
		13B07FC11A68108700A75B9A /* main.m in Sources */ = {isa = PBXBuildFile; fileRef = 13B07FB71A68108700A75B9A /* main.m */; };
		3031226F1448800BACB7F7EE /* libPods-letsAnswer-letsAnswerTests.a in Frameworks */ = {isa = PBXBuildFile; fileRef = 16B3B0B44C45C4284414ECEC /* libPods-letsAnswer-letsAnswerTests.a */; };
		4D687C0EFA9D4324B0F69055 /* Jost-ExtraBold.ttf in Resources */ = {isa = PBXBuildFile; fileRef = BC5076EF40984FD189990FBB /* Jost-ExtraBold.ttf */; };
		5853961E67A840B8ADEB576C /* Jost-BoldItalic.ttf in Resources */ = {isa = PBXBuildFile; fileRef = 05E0316811FD4139A4282CC2 /* Jost-BoldItalic.ttf */; };
		58C58ED4C96C41389E4B3C6F /* Jost-SemiBoldItalic.ttf in Resources */ = {isa = PBXBuildFile; fileRef = 7EBE305A2CF1410AA575314C /* Jost-SemiBoldItalic.ttf */; };
		5A4670428FCA4953A0AA9893 /* Jost-LightItalic.ttf in Resources */ = {isa = PBXBuildFile; fileRef = 55BDDC627D4940588ADB9A58 /* Jost-LightItalic.ttf */; };
		6C0EEC7BB6774F21893486D3 /* Jost-Light.ttf in Resources */ = {isa = PBXBuildFile; fileRef = 9025E80934B44248B40E22A8 /* Jost-Light.ttf */; };
		81AB9BB82411601600AC10FF /* LaunchScreen.storyboard in Resources */ = {isa = PBXBuildFile; fileRef = 81AB9BB72411601600AC10FF /* LaunchScreen.storyboard */; };
		8C51E04CB8B246569CD93579 /* Jost-BlackItalic.ttf in Resources */ = {isa = PBXBuildFile; fileRef = 6A110E5DBDB74DFDA5015FA9 /* Jost-BlackItalic.ttf */; };
		8C575F21685E407C8D02BCFE /* Jost-Thin.ttf in Resources */ = {isa = PBXBuildFile; fileRef = 9D062E8FDF774ADAB7C812EA /* Jost-Thin.ttf */; };
		8E12E2660A2041D59844F396 /* Jost-MediumItalic.ttf in Resources */ = {isa = PBXBuildFile; fileRef = 9B709F22DB09486EA7F8F925 /* Jost-MediumItalic.ttf */; };
		91C17DF6C2EA4B45890214CA /* Jost-ExtraLightItalic.ttf in Resources */ = {isa = PBXBuildFile; fileRef = 4F7AA780BBF54385B40084F6 /* Jost-ExtraLightItalic.ttf */; };
		A9B68D6C620348A992ABB070 /* Jost-Black.ttf in Resources */ = {isa = PBXBuildFile; fileRef = 1E74F88F46684431B8422140 /* Jost-Black.ttf */; };
		B3509BFF69D443E493D81E7B /* Jost-SemiBold.ttf in Resources */ = {isa = PBXBuildFile; fileRef = 40B82B3D2979409A99F8CF15 /* Jost-SemiBold.ttf */; };
		B7066E9EADD548CD9DA8DC00 /* Jost-ExtraLight.ttf in Resources */ = {isa = PBXBuildFile; fileRef = 9CC0049A7BA841FD817520BA /* Jost-ExtraLight.ttf */; };
		C15EE46C55E445C0AA1A1BFB /* Jost-ThinItalic.ttf in Resources */ = {isa = PBXBuildFile; fileRef = 29BB3060F5EC466880D4BFB3 /* Jost-ThinItalic.ttf */; };
		DB726A1A7D524AA59D3CE483 /* Jost-Italic.ttf in Resources */ = {isa = PBXBuildFile; fileRef = 460E48881A6D4DE98AE98A59 /* Jost-Italic.ttf */; };
		E733DC046BC246C3BF4A56D9 /* Jost-Bold.ttf in Resources */ = {isa = PBXBuildFile; fileRef = 0969B837E97247FB89A2DB25 /* Jost-Bold.ttf */; };
		F002FFB47D2B38B920D718A2 /* libPods-letsAnswer.a in Frameworks */ = {isa = PBXBuildFile; fileRef = 1B9C198E7BEFEFDAE1A21B88 /* libPods-letsAnswer.a */; };
		F29E3407017041C0883082DD /* Jost-ExtraBoldItalic.ttf in Resources */ = {isa = PBXBuildFile; fileRef = 2F55AFA11A714B7387C93647 /* Jost-ExtraBoldItalic.ttf */; };
/* End PBXBuildFile section */

/* Begin PBXContainerItemProxy section */
		00E356F41AD99517003FC87E /* PBXContainerItemProxy */ = {
			isa = PBXContainerItemProxy;
			containerPortal = 83CBB9F71A601CBA00E9B192 /* Project object */;
			proxyType = 1;
			remoteGlobalIDString = 13B07F861A680F5B00A75B9A;
			remoteInfo = letsAnswer;
		};
/* End PBXContainerItemProxy section */

/* Begin PBXFileReference section */
		00E356EE1AD99517003FC87E /* letsAnswerTests.xctest */ = {isa = PBXFileReference; explicitFileType = wrapper.cfbundle; includeInIndex = 0; path = letsAnswerTests.xctest; sourceTree = BUILT_PRODUCTS_DIR; };
		00E356F11AD99517003FC87E /* Info.plist */ = {isa = PBXFileReference; lastKnownFileType = text.plist.xml; path = Info.plist; sourceTree = "<group>"; };
		00E356F21AD99517003FC87E /* letsAnswerTests.m */ = {isa = PBXFileReference; lastKnownFileType = sourcecode.c.objc; path = letsAnswerTests.m; sourceTree = "<group>"; };
		05E0316811FD4139A4282CC2 /* Jost-BoldItalic.ttf */ = {isa = PBXFileReference; explicitFileType = undefined; fileEncoding = undefined; includeInIndex = 0; lastKnownFileType = unknown; name = "Jost-BoldItalic.ttf"; path = "../src/assets/fonts/Jost-BoldItalic.ttf"; sourceTree = "<group>"; };
		0969B837E97247FB89A2DB25 /* Jost-Bold.ttf */ = {isa = PBXFileReference; explicitFileType = undefined; fileEncoding = undefined; includeInIndex = 0; lastKnownFileType = unknown; name = "Jost-Bold.ttf"; path = "../src/assets/fonts/Jost-Bold.ttf"; sourceTree = "<group>"; };
		13B07F961A680F5B00A75B9A /* letsAnswer.app */ = {isa = PBXFileReference; explicitFileType = wrapper.application; includeInIndex = 0; path = letsAnswer.app; sourceTree = BUILT_PRODUCTS_DIR; };
		13B07FAF1A68108700A75B9A /* AppDelegate.h */ = {isa = PBXFileReference; fileEncoding = 4; lastKnownFileType = sourcecode.c.h; name = AppDelegate.h; path = letsAnswer/AppDelegate.h; sourceTree = "<group>"; };
		13B07FB01A68108700A75B9A /* AppDelegate.m */ = {isa = PBXFileReference; fileEncoding = 4; lastKnownFileType = sourcecode.c.objc; name = AppDelegate.m; path = letsAnswer/AppDelegate.m; sourceTree = "<group>"; };
		13B07FB51A68108700A75B9A /* Images.xcassets */ = {isa = PBXFileReference; lastKnownFileType = folder.assetcatalog; name = Images.xcassets; path = letsAnswer/Images.xcassets; sourceTree = "<group>"; };
		13B07FB61A68108700A75B9A /* Info.plist */ = {isa = PBXFileReference; fileEncoding = 4; lastKnownFileType = text.plist.xml; name = Info.plist; path = letsAnswer/Info.plist; sourceTree = "<group>"; };
		13B07FB71A68108700A75B9A /* main.m */ = {isa = PBXFileReference; fileEncoding = 4; lastKnownFileType = sourcecode.c.objc; name = main.m; path = letsAnswer/main.m; sourceTree = "<group>"; };
		16B3B0B44C45C4284414ECEC /* libPods-letsAnswer-letsAnswerTests.a */ = {isa = PBXFileReference; explicitFileType = archive.ar; includeInIndex = 0; path = "libPods-letsAnswer-letsAnswerTests.a"; sourceTree = BUILT_PRODUCTS_DIR; };
		1B9C198E7BEFEFDAE1A21B88 /* libPods-letsAnswer.a */ = {isa = PBXFileReference; explicitFileType = archive.ar; includeInIndex = 0; path = "libPods-letsAnswer.a"; sourceTree = BUILT_PRODUCTS_DIR; };
		1E74F88F46684431B8422140 /* Jost-Black.ttf */ = {isa = PBXFileReference; explicitFileType = undefined; fileEncoding = undefined; includeInIndex = 0; lastKnownFileType = unknown; name = "Jost-Black.ttf"; path = "../src/assets/fonts/Jost-Black.ttf"; sourceTree = "<group>"; };
		29BB3060F5EC466880D4BFB3 /* Jost-ThinItalic.ttf */ = {isa = PBXFileReference; explicitFileType = undefined; fileEncoding = undefined; includeInIndex = 0; lastKnownFileType = unknown; name = "Jost-ThinItalic.ttf"; path = "../src/assets/fonts/Jost-ThinItalic.ttf"; sourceTree = "<group>"; };
		2F55AFA11A714B7387C93647 /* Jost-ExtraBoldItalic.ttf */ = {isa = PBXFileReference; explicitFileType = undefined; fileEncoding = undefined; includeInIndex = 0; lastKnownFileType = unknown; name = "Jost-ExtraBoldItalic.ttf"; path = "../src/assets/fonts/Jost-ExtraBoldItalic.ttf"; sourceTree = "<group>"; };
		40B82B3D2979409A99F8CF15 /* Jost-SemiBold.ttf */ = {isa = PBXFileReference; explicitFileType = undefined; fileEncoding = undefined; includeInIndex = 0; lastKnownFileType = unknown; name = "Jost-SemiBold.ttf"; path = "../src/assets/fonts/Jost-SemiBold.ttf"; sourceTree = "<group>"; };
		460E48881A6D4DE98AE98A59 /* Jost-Italic.ttf */ = {isa = PBXFileReference; explicitFileType = undefined; fileEncoding = undefined; includeInIndex = 0; lastKnownFileType = unknown; name = "Jost-Italic.ttf"; path = "../src/assets/fonts/Jost-Italic.ttf"; sourceTree = "<group>"; };
		46F00C2FFE84FCEEDA1C7C2E /* Pods-letsAnswer-letsAnswerTests.release.xcconfig */ = {isa = PBXFileReference; includeInIndex = 1; lastKnownFileType = text.xcconfig; name = "Pods-letsAnswer-letsAnswerTests.release.xcconfig"; path = "Target Support Files/Pods-letsAnswer-letsAnswerTests/Pods-letsAnswer-letsAnswerTests.release.xcconfig"; sourceTree = "<group>"; };
		4F7AA780BBF54385B40084F6 /* Jost-ExtraLightItalic.ttf */ = {isa = PBXFileReference; explicitFileType = undefined; fileEncoding = undefined; includeInIndex = 0; lastKnownFileType = unknown; name = "Jost-ExtraLightItalic.ttf"; path = "../src/assets/fonts/Jost-ExtraLightItalic.ttf"; sourceTree = "<group>"; };
		55BDDC627D4940588ADB9A58 /* Jost-LightItalic.ttf */ = {isa = PBXFileReference; explicitFileType = undefined; fileEncoding = undefined; includeInIndex = 0; lastKnownFileType = unknown; name = "Jost-LightItalic.ttf"; path = "../src/assets/fonts/Jost-LightItalic.ttf"; sourceTree = "<group>"; };
		6A110E5DBDB74DFDA5015FA9 /* Jost-BlackItalic.ttf */ = {isa = PBXFileReference; explicitFileType = undefined; fileEncoding = undefined; includeInIndex = 0; lastKnownFileType = unknown; name = "Jost-BlackItalic.ttf"; path = "../src/assets/fonts/Jost-BlackItalic.ttf"; sourceTree = "<group>"; };
		7162B052AAD1BDFEF1D87EBB /* Pods-letsAnswer.debug.xcconfig */ = {isa = PBXFileReference; includeInIndex = 1; lastKnownFileType = text.xcconfig; name = "Pods-letsAnswer.debug.xcconfig"; path = "Target Support Files/Pods-letsAnswer/Pods-letsAnswer.debug.xcconfig"; sourceTree = "<group>"; };
		7EBE305A2CF1410AA575314C /* Jost-SemiBoldItalic.ttf */ = {isa = PBXFileReference; explicitFileType = undefined; fileEncoding = undefined; includeInIndex = 0; lastKnownFileType = unknown; name = "Jost-SemiBoldItalic.ttf"; path = "../src/assets/fonts/Jost-SemiBoldItalic.ttf"; sourceTree = "<group>"; };
		7EFFFE0E7A8818C82381EA4D /* Pods-letsAnswer.release.xcconfig */ = {isa = PBXFileReference; includeInIndex = 1; lastKnownFileType = text.xcconfig; name = "Pods-letsAnswer.release.xcconfig"; path = "Target Support Files/Pods-letsAnswer/Pods-letsAnswer.release.xcconfig"; sourceTree = "<group>"; };
		81AB9BB72411601600AC10FF /* LaunchScreen.storyboard */ = {isa = PBXFileReference; fileEncoding = 4; lastKnownFileType = file.storyboard; name = LaunchScreen.storyboard; path = letsAnswer/LaunchScreen.storyboard; sourceTree = "<group>"; };
		9025E80934B44248B40E22A8 /* Jost-Light.ttf */ = {isa = PBXFileReference; explicitFileType = undefined; fileEncoding = undefined; includeInIndex = 0; lastKnownFileType = unknown; name = "Jost-Light.ttf"; path = "../src/assets/fonts/Jost-Light.ttf"; sourceTree = "<group>"; };
		9A6C417FA963F425A01FB783 /* Pods-letsAnswer-letsAnswerTests.debug.xcconfig */ = {isa = PBXFileReference; includeInIndex = 1; lastKnownFileType = text.xcconfig; name = "Pods-letsAnswer-letsAnswerTests.debug.xcconfig"; path = "Target Support Files/Pods-letsAnswer-letsAnswerTests/Pods-letsAnswer-letsAnswerTests.debug.xcconfig"; sourceTree = "<group>"; };
		9B709F22DB09486EA7F8F925 /* Jost-MediumItalic.ttf */ = {isa = PBXFileReference; explicitFileType = undefined; fileEncoding = undefined; includeInIndex = 0; lastKnownFileType = unknown; name = "Jost-MediumItalic.ttf"; path = "../src/assets/fonts/Jost-MediumItalic.ttf"; sourceTree = "<group>"; };
		9CC0049A7BA841FD817520BA /* Jost-ExtraLight.ttf */ = {isa = PBXFileReference; explicitFileType = undefined; fileEncoding = undefined; includeInIndex = 0; lastKnownFileType = unknown; name = "Jost-ExtraLight.ttf"; path = "../src/assets/fonts/Jost-ExtraLight.ttf"; sourceTree = "<group>"; };
		9D062E8FDF774ADAB7C812EA /* Jost-Thin.ttf */ = {isa = PBXFileReference; explicitFileType = undefined; fileEncoding = undefined; includeInIndex = 0; lastKnownFileType = unknown; name = "Jost-Thin.ttf"; path = "../src/assets/fonts/Jost-Thin.ttf"; sourceTree = "<group>"; };
		9FC862E8813C4F5B8E3DAA2C /* Jost-Regular.ttf */ = {isa = PBXFileReference; explicitFileType = undefined; fileEncoding = undefined; includeInIndex = 0; lastKnownFileType = unknown; name = "Jost-Regular.ttf"; path = "../src/assets/fonts/Jost-Regular.ttf"; sourceTree = "<group>"; };
		BC5076EF40984FD189990FBB /* Jost-ExtraBold.ttf */ = {isa = PBXFileReference; explicitFileType = undefined; fileEncoding = undefined; includeInIndex = 0; lastKnownFileType = unknown; name = "Jost-ExtraBold.ttf"; path = "../src/assets/fonts/Jost-ExtraBold.ttf"; sourceTree = "<group>"; };
		C1F9FC0B3FA24E278211C7E1 /* Jost-Medium.ttf */ = {isa = PBXFileReference; explicitFileType = undefined; fileEncoding = undefined; includeInIndex = 0; lastKnownFileType = unknown; name = "Jost-Medium.ttf"; path = "../src/assets/fonts/Jost-Medium.ttf"; sourceTree = "<group>"; };
		ED297162215061F000B7C4FE /* JavaScriptCore.framework */ = {isa = PBXFileReference; lastKnownFileType = wrapper.framework; name = JavaScriptCore.framework; path = System/Library/Frameworks/JavaScriptCore.framework; sourceTree = SDKROOT; };
/* End PBXFileReference section */

/* Begin PBXFrameworksBuildPhase section */
		00E356EB1AD99517003FC87E /* Frameworks */ = {
			isa = PBXFrameworksBuildPhase;
			buildActionMask = 2147483647;
			files = (
				3031226F1448800BACB7F7EE /* libPods-letsAnswer-letsAnswerTests.a in Frameworks */,
			);
			runOnlyForDeploymentPostprocessing = 0;
		};
		13B07F8C1A680F5B00A75B9A /* Frameworks */ = {
			isa = PBXFrameworksBuildPhase;
			buildActionMask = 2147483647;
			files = (
				F002FFB47D2B38B920D718A2 /* libPods-letsAnswer.a in Frameworks */,
			);
			runOnlyForDeploymentPostprocessing = 0;
		};
/* End PBXFrameworksBuildPhase section */

/* Begin PBXGroup section */
		00E356EF1AD99517003FC87E /* letsAnswerTests */ = {
			isa = PBXGroup;
			children = (
				00E356F21AD99517003FC87E /* letsAnswerTests.m */,
				00E356F01AD99517003FC87E /* Supporting Files */,
			);
			path = letsAnswerTests;
			sourceTree = "<group>";
		};
		00E356F01AD99517003FC87E /* Supporting Files */ = {
			isa = PBXGroup;
			children = (
				00E356F11AD99517003FC87E /* Info.plist */,
			);
			name = "Supporting Files";
			sourceTree = "<group>";
		};
		13B07FAE1A68108700A75B9A /* letsAnswer */ = {
			isa = PBXGroup;
			children = (
				13B07FAF1A68108700A75B9A /* AppDelegate.h */,
				13B07FB01A68108700A75B9A /* AppDelegate.m */,
				13B07FB51A68108700A75B9A /* Images.xcassets */,
				13B07FB61A68108700A75B9A /* Info.plist */,
				81AB9BB72411601600AC10FF /* LaunchScreen.storyboard */,
				13B07FB71A68108700A75B9A /* main.m */,
			);
			name = letsAnswer;
			sourceTree = "<group>";
		};
		2D16E6871FA4F8E400B85C8A /* Frameworks */ = {
			isa = PBXGroup;
			children = (
				ED297162215061F000B7C4FE /* JavaScriptCore.framework */,
				1B9C198E7BEFEFDAE1A21B88 /* libPods-letsAnswer.a */,
				16B3B0B44C45C4284414ECEC /* libPods-letsAnswer-letsAnswerTests.a */,
			);
			name = Frameworks;
			sourceTree = "<group>";
		};
		378CA620BBA44D75AA2EC84E /* Resources */ = {
			isa = PBXGroup;
			children = (
				1E74F88F46684431B8422140 /* Jost-Black.ttf */,
				6A110E5DBDB74DFDA5015FA9 /* Jost-BlackItalic.ttf */,
				0969B837E97247FB89A2DB25 /* Jost-Bold.ttf */,
				05E0316811FD4139A4282CC2 /* Jost-BoldItalic.ttf */,
				BC5076EF40984FD189990FBB /* Jost-ExtraBold.ttf */,
				2F55AFA11A714B7387C93647 /* Jost-ExtraBoldItalic.ttf */,
				9CC0049A7BA841FD817520BA /* Jost-ExtraLight.ttf */,
				4F7AA780BBF54385B40084F6 /* Jost-ExtraLightItalic.ttf */,
				460E48881A6D4DE98AE98A59 /* Jost-Italic.ttf */,
				9025E80934B44248B40E22A8 /* Jost-Light.ttf */,
				55BDDC627D4940588ADB9A58 /* Jost-LightItalic.ttf */,
				C1F9FC0B3FA24E278211C7E1 /* Jost-Medium.ttf */,
				9B709F22DB09486EA7F8F925 /* Jost-MediumItalic.ttf */,
				9FC862E8813C4F5B8E3DAA2C /* Jost-Regular.ttf */,
				40B82B3D2979409A99F8CF15 /* Jost-SemiBold.ttf */,
				7EBE305A2CF1410AA575314C /* Jost-SemiBoldItalic.ttf */,
				9D062E8FDF774ADAB7C812EA /* Jost-Thin.ttf */,
				29BB3060F5EC466880D4BFB3 /* Jost-ThinItalic.ttf */,
			);
			name = Resources;
			path = "";
			sourceTree = "<group>";
		};
		832341AE1AAA6A7D00B99B32 /* Libraries */ = {
			isa = PBXGroup;
			children = (
			);
			name = Libraries;
			sourceTree = "<group>";
		};
		83CBB9F61A601CBA00E9B192 = {
			isa = PBXGroup;
			children = (
				13B07FAE1A68108700A75B9A /* letsAnswer */,
				832341AE1AAA6A7D00B99B32 /* Libraries */,
				00E356EF1AD99517003FC87E /* letsAnswerTests */,
				83CBBA001A601CBA00E9B192 /* Products */,
				2D16E6871FA4F8E400B85C8A /* Frameworks */,
				B5276CE008756356C2B3B11B /* Pods */,
				378CA620BBA44D75AA2EC84E /* Resources */,
			);
			indentWidth = 2;
			sourceTree = "<group>";
			tabWidth = 2;
			usesTabs = 0;
		};
		83CBBA001A601CBA00E9B192 /* Products */ = {
			isa = PBXGroup;
			children = (
				13B07F961A680F5B00A75B9A /* letsAnswer.app */,
				00E356EE1AD99517003FC87E /* letsAnswerTests.xctest */,
			);
			name = Products;
			sourceTree = "<group>";
		};
		B5276CE008756356C2B3B11B /* Pods */ = {
			isa = PBXGroup;
			children = (
				7162B052AAD1BDFEF1D87EBB /* Pods-letsAnswer.debug.xcconfig */,
				7EFFFE0E7A8818C82381EA4D /* Pods-letsAnswer.release.xcconfig */,
				9A6C417FA963F425A01FB783 /* Pods-letsAnswer-letsAnswerTests.debug.xcconfig */,
				46F00C2FFE84FCEEDA1C7C2E /* Pods-letsAnswer-letsAnswerTests.release.xcconfig */,
			);
			name = Pods;
			path = Pods;
			sourceTree = "<group>";
		};
/* End PBXGroup section */

/* Begin PBXNativeTarget section */
		00E356ED1AD99517003FC87E /* letsAnswerTests */ = {
			isa = PBXNativeTarget;
			buildConfigurationList = 00E357021AD99517003FC87E /* Build configuration list for PBXNativeTarget "letsAnswerTests" */;
			buildPhases = (
				A3DC2409C3B115428B77E1F1 /* [CP] Check Pods Manifest.lock */,
				00E356EA1AD99517003FC87E /* Sources */,
				00E356EB1AD99517003FC87E /* Frameworks */,
				00E356EC1AD99517003FC87E /* Resources */,
				19059FB1CB10702347845768 /* [CP] Embed Pods Frameworks */,
				638DFA94409FDE653E60983B /* [CP] Copy Pods Resources */,
			);
			buildRules = (
			);
			dependencies = (
				00E356F51AD99517003FC87E /* PBXTargetDependency */,
			);
			name = letsAnswerTests;
			productName = letsAnswerTests;
			productReference = 00E356EE1AD99517003FC87E /* letsAnswerTests.xctest */;
			productType = "com.apple.product-type.bundle.unit-test";
		};
		13B07F861A680F5B00A75B9A /* letsAnswer */ = {
			isa = PBXNativeTarget;
			buildConfigurationList = 13B07F931A680F5B00A75B9A /* Build configuration list for PBXNativeTarget "letsAnswer" */;
			buildPhases = (
				2945A9C0E306A2DA9CE5CB5D /* [CP] Check Pods Manifest.lock */,
				FD10A7F022414F080027D42C /* Start Packager */,
				13B07F871A680F5B00A75B9A /* Sources */,
				13B07F8C1A680F5B00A75B9A /* Frameworks */,
				13B07F8E1A680F5B00A75B9A /* Resources */,
				00DD1BFF1BD5951E006B06BC /* Bundle React Native code and images */,
				1A89659207BA6118B7BAB208 /* [CP] Embed Pods Frameworks */,
				D03FA65153A6FD0C3D99C823 /* [CP] Copy Pods Resources */,
			);
			buildRules = (
			);
			dependencies = (
			);
			name = letsAnswer;
			productName = letsAnswer;
			productReference = 13B07F961A680F5B00A75B9A /* letsAnswer.app */;
			productType = "com.apple.product-type.application";
		};
/* End PBXNativeTarget section */

/* Begin PBXProject section */
		83CBB9F71A601CBA00E9B192 /* Project object */ = {
			isa = PBXProject;
			attributes = {
				LastUpgradeCheck = 1210;
				TargetAttributes = {
					00E356ED1AD99517003FC87E = {
						CreatedOnToolsVersion = 6.2;
						TestTargetID = 13B07F861A680F5B00A75B9A;
					};
					13B07F861A680F5B00A75B9A = {
						LastSwiftMigration = 1120;
					};
				};
			};
			buildConfigurationList = 83CBB9FA1A601CBA00E9B192 /* Build configuration list for PBXProject "letsAnswer" */;
			compatibilityVersion = "Xcode 12.0";
			developmentRegion = en;
			hasScannedForEncodings = 0;
			knownRegions = (
				en,
				Base,
			);
			mainGroup = 83CBB9F61A601CBA00E9B192;
			productRefGroup = 83CBBA001A601CBA00E9B192 /* Products */;
			projectDirPath = "";
			projectRoot = "";
			targets = (
				13B07F861A680F5B00A75B9A /* letsAnswer */,
				00E356ED1AD99517003FC87E /* letsAnswerTests */,
			);
		};
/* End PBXProject section */

/* Begin PBXResourcesBuildPhase section */
		00E356EC1AD99517003FC87E /* Resources */ = {
			isa = PBXResourcesBuildPhase;
			buildActionMask = 2147483647;
			files = (
			);
			runOnlyForDeploymentPostprocessing = 0;
		};
		13B07F8E1A680F5B00A75B9A /* Resources */ = {
			isa = PBXResourcesBuildPhase;
			buildActionMask = 2147483647;
			files = (
				81AB9BB82411601600AC10FF /* LaunchScreen.storyboard in Resources */,
				13B07FBF1A68108700A75B9A /* Images.xcassets in Resources */,
				A9B68D6C620348A992ABB070 /* Jost-Black.ttf in Resources */,
				8C51E04CB8B246569CD93579 /* Jost-BlackItalic.ttf in Resources */,
				E733DC046BC246C3BF4A56D9 /* Jost-Bold.ttf in Resources */,
				5853961E67A840B8ADEB576C /* Jost-BoldItalic.ttf in Resources */,
				4D687C0EFA9D4324B0F69055 /* Jost-ExtraBold.ttf in Resources */,
				F29E3407017041C0883082DD /* Jost-ExtraBoldItalic.ttf in Resources */,
				B7066E9EADD548CD9DA8DC00 /* Jost-ExtraLight.ttf in Resources */,
				91C17DF6C2EA4B45890214CA /* Jost-ExtraLightItalic.ttf in Resources */,
				DB726A1A7D524AA59D3CE483 /* Jost-Italic.ttf in Resources */,
				6C0EEC7BB6774F21893486D3 /* Jost-Light.ttf in Resources */,
				5A4670428FCA4953A0AA9893 /* Jost-LightItalic.ttf in Resources */,
				02E12FF8D5DD4C68BADCD088 /* Jost-Medium.ttf in Resources */,
				8E12E2660A2041D59844F396 /* Jost-MediumItalic.ttf in Resources */,
				0974D214702A4CEAA45943A1 /* Jost-Regular.ttf in Resources */,
				B3509BFF69D443E493D81E7B /* Jost-SemiBold.ttf in Resources */,
				58C58ED4C96C41389E4B3C6F /* Jost-SemiBoldItalic.ttf in Resources */,
				8C575F21685E407C8D02BCFE /* Jost-Thin.ttf in Resources */,
				C15EE46C55E445C0AA1A1BFB /* Jost-ThinItalic.ttf in Resources */,
			);
			runOnlyForDeploymentPostprocessing = 0;
		};
/* End PBXResourcesBuildPhase section */

/* Begin PBXShellScriptBuildPhase section */
		00DD1BFF1BD5951E006B06BC /* Bundle React Native code and images */ = {
			isa = PBXShellScriptBuildPhase;
			buildActionMask = 2147483647;
			files = (
			);
			inputPaths = (
			);
			name = "Bundle React Native code and images";
			outputPaths = (
			);
			runOnlyForDeploymentPostprocessing = 0;
			shellPath = /bin/sh;
			shellScript = "set -e\n\nexport NODE_BINARY=node\n../node_modules/react-native/scripts/react-native-xcode.sh\n";
		};
		19059FB1CB10702347845768 /* [CP] Embed Pods Frameworks */ = {
			isa = PBXShellScriptBuildPhase;
			buildActionMask = 2147483647;
			files = (
			);
			inputFileListPaths = (
				"${PODS_ROOT}/Target Support Files/Pods-letsAnswer-letsAnswerTests/Pods-letsAnswer-letsAnswerTests-frameworks-${CONFIGURATION}-input-files.xcfilelist",
			);
			name = "[CP] Embed Pods Frameworks";
			outputFileListPaths = (
				"${PODS_ROOT}/Target Support Files/Pods-letsAnswer-letsAnswerTests/Pods-letsAnswer-letsAnswerTests-frameworks-${CONFIGURATION}-output-files.xcfilelist",
			);
			runOnlyForDeploymentPostprocessing = 0;
			shellPath = /bin/sh;
			shellScript = "\"${PODS_ROOT}/Target Support Files/Pods-letsAnswer-letsAnswerTests/Pods-letsAnswer-letsAnswerTests-frameworks.sh\"\n";
			showEnvVarsInLog = 0;
		};
		1A89659207BA6118B7BAB208 /* [CP] Embed Pods Frameworks */ = {
			isa = PBXShellScriptBuildPhase;
			buildActionMask = 2147483647;
			files = (
			);
			inputFileListPaths = (
				"${PODS_ROOT}/Target Support Files/Pods-letsAnswer/Pods-letsAnswer-frameworks-${CONFIGURATION}-input-files.xcfilelist",
			);
			name = "[CP] Embed Pods Frameworks";
			outputFileListPaths = (
				"${PODS_ROOT}/Target Support Files/Pods-letsAnswer/Pods-letsAnswer-frameworks-${CONFIGURATION}-output-files.xcfilelist",
			);
			runOnlyForDeploymentPostprocessing = 0;
			shellPath = /bin/sh;
			shellScript = "\"${PODS_ROOT}/Target Support Files/Pods-letsAnswer/Pods-letsAnswer-frameworks.sh\"\n";
			showEnvVarsInLog = 0;
		};
		2945A9C0E306A2DA9CE5CB5D /* [CP] Check Pods Manifest.lock */ = {
			isa = PBXShellScriptBuildPhase;
			buildActionMask = 2147483647;
			files = (
			);
			inputFileListPaths = (
			);
			inputPaths = (
				"${PODS_PODFILE_DIR_PATH}/Podfile.lock",
				"${PODS_ROOT}/Manifest.lock",
			);
			name = "[CP] Check Pods Manifest.lock";
			outputFileListPaths = (
			);
			outputPaths = (
				"$(DERIVED_FILE_DIR)/Pods-letsAnswer-checkManifestLockResult.txt",
			);
			runOnlyForDeploymentPostprocessing = 0;
			shellPath = /bin/sh;
			shellScript = "diff \"${PODS_PODFILE_DIR_PATH}/Podfile.lock\" \"${PODS_ROOT}/Manifest.lock\" > /dev/null\nif [ $? != 0 ] ; then\n    # print error to STDERR\n    echo \"error: The sandbox is not in sync with the Podfile.lock. Run 'pod install' or update your CocoaPods installation.\" >&2\n    exit 1\nfi\n# This output is used by Xcode 'outputs' to avoid re-running this script phase.\necho \"SUCCESS\" > \"${SCRIPT_OUTPUT_FILE_0}\"\n";
			showEnvVarsInLog = 0;
		};
		638DFA94409FDE653E60983B /* [CP] Copy Pods Resources */ = {
			isa = PBXShellScriptBuildPhase;
			buildActionMask = 2147483647;
			files = (
			);
			inputFileListPaths = (
				"${PODS_ROOT}/Target Support Files/Pods-letsAnswer-letsAnswerTests/Pods-letsAnswer-letsAnswerTests-resources-${CONFIGURATION}-input-files.xcfilelist",
			);
			name = "[CP] Copy Pods Resources";
			outputFileListPaths = (
				"${PODS_ROOT}/Target Support Files/Pods-letsAnswer-letsAnswerTests/Pods-letsAnswer-letsAnswerTests-resources-${CONFIGURATION}-output-files.xcfilelist",
			);
			runOnlyForDeploymentPostprocessing = 0;
			shellPath = /bin/sh;
			shellScript = "\"${PODS_ROOT}/Target Support Files/Pods-letsAnswer-letsAnswerTests/Pods-letsAnswer-letsAnswerTests-resources.sh\"\n";
			showEnvVarsInLog = 0;
		};
		A3DC2409C3B115428B77E1F1 /* [CP] Check Pods Manifest.lock */ = {
			isa = PBXShellScriptBuildPhase;
			buildActionMask = 2147483647;
			files = (
			);
			inputFileListPaths = (
			);
			inputPaths = (
				"${PODS_PODFILE_DIR_PATH}/Podfile.lock",
				"${PODS_ROOT}/Manifest.lock",
			);
			name = "[CP] Check Pods Manifest.lock";
			outputFileListPaths = (
			);
			outputPaths = (
				"$(DERIVED_FILE_DIR)/Pods-letsAnswer-letsAnswerTests-checkManifestLockResult.txt",
			);
			runOnlyForDeploymentPostprocessing = 0;
			shellPath = /bin/sh;
			shellScript = "diff \"${PODS_PODFILE_DIR_PATH}/Podfile.lock\" \"${PODS_ROOT}/Manifest.lock\" > /dev/null\nif [ $? != 0 ] ; then\n    # print error to STDERR\n    echo \"error: The sandbox is not in sync with the Podfile.lock. Run 'pod install' or update your CocoaPods installation.\" >&2\n    exit 1\nfi\n# This output is used by Xcode 'outputs' to avoid re-running this script phase.\necho \"SUCCESS\" > \"${SCRIPT_OUTPUT_FILE_0}\"\n";
			showEnvVarsInLog = 0;
		};
		D03FA65153A6FD0C3D99C823 /* [CP] Copy Pods Resources */ = {
			isa = PBXShellScriptBuildPhase;
			buildActionMask = 2147483647;
			files = (
			);
			inputFileListPaths = (
				"${PODS_ROOT}/Target Support Files/Pods-letsAnswer/Pods-letsAnswer-resources-${CONFIGURATION}-input-files.xcfilelist",
			);
			name = "[CP] Copy Pods Resources";
			outputFileListPaths = (
				"${PODS_ROOT}/Target Support Files/Pods-letsAnswer/Pods-letsAnswer-resources-${CONFIGURATION}-output-files.xcfilelist",
			);
			runOnlyForDeploymentPostprocessing = 0;
			shellPath = /bin/sh;
			shellScript = "\"${PODS_ROOT}/Target Support Files/Pods-letsAnswer/Pods-letsAnswer-resources.sh\"\n";
			showEnvVarsInLog = 0;
		};
		FD10A7F022414F080027D42C /* Start Packager */ = {
			isa = PBXShellScriptBuildPhase;
			buildActionMask = 2147483647;
			files = (
			);
			inputFileListPaths = (
			);
			inputPaths = (
			);
			name = "Start Packager";
			outputFileListPaths = (
			);
			outputPaths = (
			);
			runOnlyForDeploymentPostprocessing = 0;
			shellPath = /bin/sh;
			shellScript = "export RCT_METRO_PORT=\"${RCT_METRO_PORT:=8081}\"\necho \"export RCT_METRO_PORT=${RCT_METRO_PORT}\" > \"${SRCROOT}/../node_modules/react-native/scripts/.packager.env\"\nif [ -z \"${RCT_NO_LAUNCH_PACKAGER+xxx}\" ] ; then\n  if nc -w 5 -z localhost ${RCT_METRO_PORT} ; then\n    if ! curl -s \"http://localhost:${RCT_METRO_PORT}/status\" | grep -q \"packager-status:running\" ; then\n      echo \"Port ${RCT_METRO_PORT} already in use, packager is either not running or not running correctly\"\n      exit 2\n    fi\n  else\n    open \"$SRCROOT/../node_modules/react-native/scripts/launchPackager.command\" || echo \"Can't start packager automatically\"\n  fi\nfi\n";
			showEnvVarsInLog = 0;
		};
/* End PBXShellScriptBuildPhase section */

/* Begin PBXSourcesBuildPhase section */
		00E356EA1AD99517003FC87E /* Sources */ = {
			isa = PBXSourcesBuildPhase;
			buildActionMask = 2147483647;
			files = (
				00E356F31AD99517003FC87E /* letsAnswerTests.m in Sources */,
			);
			runOnlyForDeploymentPostprocessing = 0;
		};
		13B07F871A680F5B00A75B9A /* Sources */ = {
			isa = PBXSourcesBuildPhase;
			buildActionMask = 2147483647;
			files = (
				13B07FBC1A68108700A75B9A /* AppDelegate.m in Sources */,
				13B07FC11A68108700A75B9A /* main.m in Sources */,
			);
			runOnlyForDeploymentPostprocessing = 0;
		};
/* End PBXSourcesBuildPhase section */

/* Begin PBXTargetDependency section */
		00E356F51AD99517003FC87E /* PBXTargetDependency */ = {
			isa = PBXTargetDependency;
			target = 13B07F861A680F5B00A75B9A /* letsAnswer */;
			targetProxy = 00E356F41AD99517003FC87E /* PBXContainerItemProxy */;
		};
/* End PBXTargetDependency section */

/* Begin XCBuildConfiguration section */
		00E356F61AD99517003FC87E /* Debug */ = {
			isa = XCBuildConfiguration;
			baseConfigurationReference = 9A6C417FA963F425A01FB783 /* Pods-letsAnswer-letsAnswerTests.debug.xcconfig */;
			buildSettings = {
				BUNDLE_LOADER = "$(TEST_HOST)";
				GCC_PREPROCESSOR_DEFINITIONS = (
					"DEBUG=1",
					"$(inherited)",
				);
				INFOPLIST_FILE = letsAnswerTests/Info.plist;
				IPHONEOS_DEPLOYMENT_TARGET = 10.0;
				LD_RUNPATH_SEARCH_PATHS = (
					"$(inherited)",
					"@executable_path/Frameworks",
					"@loader_path/Frameworks",
				);
				OTHER_LDFLAGS = (
					"-ObjC",
					"-lc++",
					"$(inherited)",
				);
				PRODUCT_BUNDLE_IDENTIFIER = "org.reactjs.native.example.$(PRODUCT_NAME:rfc1034identifier)";
				PRODUCT_NAME = "$(TARGET_NAME)";
				TEST_HOST = "$(BUILT_PRODUCTS_DIR)/letsAnswer.app/letsAnswer";
			};
			name = Debug;
		};
		00E356F71AD99517003FC87E /* Release */ = {
			isa = XCBuildConfiguration;
			baseConfigurationReference = 46F00C2FFE84FCEEDA1C7C2E /* Pods-letsAnswer-letsAnswerTests.release.xcconfig */;
			buildSettings = {
				BUNDLE_LOADER = "$(TEST_HOST)";
				COPY_PHASE_STRIP = NO;
				INFOPLIST_FILE = letsAnswerTests/Info.plist;
				IPHONEOS_DEPLOYMENT_TARGET = 10.0;
				LD_RUNPATH_SEARCH_PATHS = (
					"$(inherited)",
					"@executable_path/Frameworks",
					"@loader_path/Frameworks",
				);
				OTHER_LDFLAGS = (
					"-ObjC",
					"-lc++",
					"$(inherited)",
				);
				PRODUCT_BUNDLE_IDENTIFIER = "org.reactjs.native.example.$(PRODUCT_NAME:rfc1034identifier)";
				PRODUCT_NAME = "$(TARGET_NAME)";
				TEST_HOST = "$(BUILT_PRODUCTS_DIR)/letsAnswer.app/letsAnswer";
			};
			name = Release;
		};
		13B07F941A680F5B00A75B9A /* Debug */ = {
			isa = XCBuildConfiguration;
			baseConfigurationReference = 7162B052AAD1BDFEF1D87EBB /* Pods-letsAnswer.debug.xcconfig */;
			buildSettings = {
				ASSETCATALOG_COMPILER_APPICON_NAME = AppIcon;
				CLANG_ENABLE_MODULES = YES;
				CURRENT_PROJECT_VERSION = 1;
				ENABLE_BITCODE = NO;
				INFOPLIST_FILE = letsAnswer/Info.plist;
				LD_RUNPATH_SEARCH_PATHS = (
					"$(inherited)",
					"@executable_path/Frameworks",
				);
				OTHER_LDFLAGS = (
					"$(inherited)",
					"-ObjC",
					"-lc++",
				);
				PRODUCT_BUNDLE_IDENTIFIER = "org.reactjs.native.example.$(PRODUCT_NAME:rfc1034identifier)";
				PRODUCT_NAME = letsAnswer;
				SWIFT_OPTIMIZATION_LEVEL = "-Onone";
				SWIFT_VERSION = 5.0;
				VERSIONING_SYSTEM = "apple-generic";
			};
			name = Debug;
		};
		13B07F951A680F5B00A75B9A /* Release */ = {
			isa = XCBuildConfiguration;
			baseConfigurationReference = 7EFFFE0E7A8818C82381EA4D /* Pods-letsAnswer.release.xcconfig */;
			buildSettings = {
				ASSETCATALOG_COMPILER_APPICON_NAME = AppIcon;
				CLANG_ENABLE_MODULES = YES;
				CURRENT_PROJECT_VERSION = 1;
				INFOPLIST_FILE = letsAnswer/Info.plist;
				LD_RUNPATH_SEARCH_PATHS = (
					"$(inherited)",
					"@executable_path/Frameworks",
				);
				OTHER_LDFLAGS = (
					"$(inherited)",
					"-ObjC",
					"-lc++",
				);
				PRODUCT_BUNDLE_IDENTIFIER = "org.reactjs.native.example.$(PRODUCT_NAME:rfc1034identifier)";
				PRODUCT_NAME = letsAnswer;
				SWIFT_VERSION = 5.0;
				VERSIONING_SYSTEM = "apple-generic";
			};
			name = Release;
		};
		83CBBA201A601CBA00E9B192 /* Debug */ = {
			isa = XCBuildConfiguration;
			buildSettings = {
				ALWAYS_SEARCH_USER_PATHS = NO;
				CLANG_ANALYZER_LOCALIZABILITY_NONLOCALIZED = YES;
				CLANG_CXX_LANGUAGE_STANDARD = "gnu++0x";
				CLANG_CXX_LIBRARY = "libc++";
				CLANG_ENABLE_MODULES = YES;
				CLANG_ENABLE_OBJC_ARC = YES;
				CLANG_WARN_BLOCK_CAPTURE_AUTORELEASING = YES;
				CLANG_WARN_BOOL_CONVERSION = YES;
				CLANG_WARN_COMMA = YES;
				CLANG_WARN_CONSTANT_CONVERSION = YES;
				CLANG_WARN_DEPRECATED_OBJC_IMPLEMENTATIONS = YES;
				CLANG_WARN_DIRECT_OBJC_ISA_USAGE = YES_ERROR;
				CLANG_WARN_EMPTY_BODY = YES;
				CLANG_WARN_ENUM_CONVERSION = YES;
				CLANG_WARN_INFINITE_RECURSION = YES;
				CLANG_WARN_INT_CONVERSION = YES;
				CLANG_WARN_NON_LITERAL_NULL_CONVERSION = YES;
				CLANG_WARN_OBJC_IMPLICIT_RETAIN_SELF = YES;
				CLANG_WARN_OBJC_LITERAL_CONVERSION = YES;
				CLANG_WARN_OBJC_ROOT_CLASS = YES_ERROR;
				CLANG_WARN_QUOTED_INCLUDE_IN_FRAMEWORK_HEADER = YES;
				CLANG_WARN_RANGE_LOOP_ANALYSIS = YES;
				CLANG_WARN_STRICT_PROTOTYPES = YES;
				CLANG_WARN_SUSPICIOUS_MOVE = YES;
				CLANG_WARN_UNREACHABLE_CODE = YES;
				CLANG_WARN__DUPLICATE_METHOD_MATCH = YES;
				"CODE_SIGN_IDENTITY[sdk=iphoneos*]" = "iPhone Developer";
				COPY_PHASE_STRIP = NO;
				ENABLE_STRICT_OBJC_MSGSEND = YES;
				ENABLE_TESTABILITY = YES;
				"EXCLUDED_ARCHS[sdk=iphonesimulator*]" = "arm64 ";
				GCC_C_LANGUAGE_STANDARD = gnu99;
				GCC_DYNAMIC_NO_PIC = NO;
				GCC_NO_COMMON_BLOCKS = YES;
				GCC_OPTIMIZATION_LEVEL = 0;
				GCC_PREPROCESSOR_DEFINITIONS = (
					"DEBUG=1",
					"$(inherited)",
				);
				GCC_SYMBOLS_PRIVATE_EXTERN = NO;
				GCC_WARN_64_TO_32_BIT_CONVERSION = YES;
				GCC_WARN_ABOUT_RETURN_TYPE = YES_ERROR;
				GCC_WARN_UNDECLARED_SELECTOR = YES;
				GCC_WARN_UNINITIALIZED_AUTOS = YES_AGGRESSIVE;
				GCC_WARN_UNUSED_FUNCTION = YES;
				GCC_WARN_UNUSED_VARIABLE = YES;
				IPHONEOS_DEPLOYMENT_TARGET = 10.0;
				LD_RUNPATH_SEARCH_PATHS = (
					/usr/lib/swift,
					"$(inherited)",
				);
				LIBRARY_SEARCH_PATHS = (
					"\"$(TOOLCHAIN_DIR)/usr/lib/swift/$(PLATFORM_NAME)\"",
					"\"$(TOOLCHAIN_DIR)/usr/lib/swift-5.0/$(PLATFORM_NAME)\"",
					"\"$(inherited)\"",
				);
				MTL_ENABLE_DEBUG_INFO = YES;
				ONLY_ACTIVE_ARCH = YES;
				SDKROOT = iphoneos;
			};
			name = Debug;
		};
		83CBBA211A601CBA00E9B192 /* Release */ = {
			isa = XCBuildConfiguration;
			buildSettings = {
				ALWAYS_SEARCH_USER_PATHS = NO;
				CLANG_ANALYZER_LOCALIZABILITY_NONLOCALIZED = YES;
				CLANG_CXX_LANGUAGE_STANDARD = "gnu++0x";
				CLANG_CXX_LIBRARY = "libc++";
				CLANG_ENABLE_MODULES = YES;
				CLANG_ENABLE_OBJC_ARC = YES;
				CLANG_WARN_BLOCK_CAPTURE_AUTORELEASING = YES;
				CLANG_WARN_BOOL_CONVERSION = YES;
				CLANG_WARN_COMMA = YES;
				CLANG_WARN_CONSTANT_CONVERSION = YES;
				CLANG_WARN_DEPRECATED_OBJC_IMPLEMENTATIONS = YES;
				CLANG_WARN_DIRECT_OBJC_ISA_USAGE = YES_ERROR;
				CLANG_WARN_EMPTY_BODY = YES;
				CLANG_WARN_ENUM_CONVERSION = YES;
				CLANG_WARN_INFINITE_RECURSION = YES;
				CLANG_WARN_INT_CONVERSION = YES;
				CLANG_WARN_NON_LITERAL_NULL_CONVERSION = YES;
				CLANG_WARN_OBJC_IMPLICIT_RETAIN_SELF = YES;
				CLANG_WARN_OBJC_LITERAL_CONVERSION = YES;
				CLANG_WARN_OBJC_ROOT_CLASS = YES_ERROR;
				CLANG_WARN_QUOTED_INCLUDE_IN_FRAMEWORK_HEADER = YES;
				CLANG_WARN_RANGE_LOOP_ANALYSIS = YES;
				CLANG_WARN_STRICT_PROTOTYPES = YES;
				CLANG_WARN_SUSPICIOUS_MOVE = YES;
				CLANG_WARN_UNREACHABLE_CODE = YES;
				CLANG_WARN__DUPLICATE_METHOD_MATCH = YES;
				"CODE_SIGN_IDENTITY[sdk=iphoneos*]" = "iPhone Developer";
				COPY_PHASE_STRIP = YES;
				ENABLE_NS_ASSERTIONS = NO;
				ENABLE_STRICT_OBJC_MSGSEND = YES;
				"EXCLUDED_ARCHS[sdk=iphonesimulator*]" = "arm64 ";
				GCC_C_LANGUAGE_STANDARD = gnu99;
				GCC_NO_COMMON_BLOCKS = YES;
				GCC_WARN_64_TO_32_BIT_CONVERSION = YES;
				GCC_WARN_ABOUT_RETURN_TYPE = YES_ERROR;
				GCC_WARN_UNDECLARED_SELECTOR = YES;
				GCC_WARN_UNINITIALIZED_AUTOS = YES_AGGRESSIVE;
				GCC_WARN_UNUSED_FUNCTION = YES;
				GCC_WARN_UNUSED_VARIABLE = YES;
				IPHONEOS_DEPLOYMENT_TARGET = 10.0;
				LD_RUNPATH_SEARCH_PATHS = (
					/usr/lib/swift,
					"$(inherited)",
				);
				LIBRARY_SEARCH_PATHS = (
					"\"$(TOOLCHAIN_DIR)/usr/lib/swift/$(PLATFORM_NAME)\"",
					"\"$(TOOLCHAIN_DIR)/usr/lib/swift-5.0/$(PLATFORM_NAME)\"",
					"\"$(inherited)\"",
				);
				MTL_ENABLE_DEBUG_INFO = NO;
				SDKROOT = iphoneos;
				VALIDATE_PRODUCT = YES;
			};
			name = Release;
		};
/* End XCBuildConfiguration section */

/* Begin XCConfigurationList section */
		00E357021AD99517003FC87E /* Build configuration list for PBXNativeTarget "letsAnswerTests" */ = {
			isa = XCConfigurationList;
			buildConfigurations = (
				00E356F61AD99517003FC87E /* Debug */,
				00E356F71AD99517003FC87E /* Release */,
			);
			defaultConfigurationIsVisible = 0;
			defaultConfigurationName = Release;
		};
		13B07F931A680F5B00A75B9A /* Build configuration list for PBXNativeTarget "letsAnswer" */ = {
			isa = XCConfigurationList;
			buildConfigurations = (
				13B07F941A680F5B00A75B9A /* Debug */,
				13B07F951A680F5B00A75B9A /* Release */,
			);
			defaultConfigurationIsVisible = 0;
			defaultConfigurationName = Release;
		};
		83CBB9FA1A601CBA00E9B192 /* Build configuration list for PBXProject "letsAnswer" */ = {
			isa = XCConfigurationList;
			buildConfigurations = (
				83CBBA201A601CBA00E9B192 /* Debug */,
				83CBBA211A601CBA00E9B192 /* Release */,
			);
			defaultConfigurationIsVisible = 0;
			defaultConfigurationName = Release;
		};
/* End XCConfigurationList section */
	};
	rootObject = 83CBB9F71A601CBA00E9B192 /* Project object */;
}
